
Microsoft Visual Studio Solution File, Format Version 12.00
# Visual Studio Version 16
VisualStudioVersion = 16.0.31424.327
MinimumVisualStudioVersion = 10.0.40219.1
Project("{FAE04EC0-301F-11D3-BF4B-00C04F79EFBC}") = "FirstConsoleApp_115", "FirstConsoleApp_115\FirstConsoleApp_115.csproj", "{BAAE2165-0922-458E-A7A7-89BFB43A3DD7}"
EndProject
Global
	GlobalSection(SolutionConfigurationPlatforms) = preSolution
		Debug|Any CPU = Debug|Any CPU
		Release|Any CPU = Release|Any CPU
	EndGlobalSection
	GlobalSection(ProjectConfigurationPlatforms) = postSolution
		{BAAE2165-0922-458E-A7A7-89BFB43A3DD7}.Debug|Any CPU.ActiveCfg = Debug|Any CPU
		{BAAE2165-0922-458E-A7A7-89BFB43A3DD7}.Debug|Any CPU.Build.0 = Debug|Any CPU
		{BAAE2165-0922-458E-A7A7-89BFB43A3DD7}.Release|Any CPU.ActiveCfg = Release|Any CPU
		{BAAE2165-0922-458E-A7A7-89BFB43A3DD7}.Release|Any CPU.Build.0 = Release|Any CPU
	EndGlobalSection
	GlobalSection(SolutionProperties) = preSolution
		HideSolutionNode = FALSE
	EndGlobalSection
	GlobalSection(ExtensibilityGlobals) = postSolution
		SolutionGuid = {26A28B52-B02F-4277-B8EC-1555166CF922}
	EndGlobalSection
EndGlobal
